// !$*UTF8*$!
{
	archiveVersion = 1;
	classes = {
	};
	objectVersion = 50;
	objects = {

/* Begin PBXBuildFile section */
		15691876BCCF581CE55AC307 /* Group2Cell.swift in Sources */ = {isa = PBXBuildFile; fileRef = A5E0588812A261A2CD32EAA0 /* Group2Cell.swift */; };
		1DF95EE6C8236F4241677A6F /* TelegramXMainScreenViewModel.swift in Sources */ = {isa = PBXBuildFile; fileRef = BB1B2EC17B6015F291BCDB56 /* TelegramXMainScreenViewModel.swift */; };
		1FC53811E820074D50C94537 /* Group5Cell.swift in Sources */ = {isa = PBXBuildFile; fileRef = 36A7C346FE3ACB110EF2E3F3 /* Group5Cell.swift */; };
		24B8DD5F4A5D8C87BA8BCD90 /* FontScheme.swift in Sources */ = {isa = PBXBuildFile; fileRef = 6746ACE3455D3C99DA17BDE2 /* FontScheme.swift */; };
		285CAFE556F23A7337031310 /* IncomingCallNotificationMorethanoneprofileView.swift in Sources */ = {isa = PBXBuildFile; fileRef = 16DCCA8BBFE682BC6D9E7C28 /* IncomingCallNotificationMorethanoneprofileView.swift */; };
		291BD0090B2F0D2A7234646D /* AppnavigationView.swift in Sources */ = {isa = PBXBuildFile; fileRef = CBEED03F179637DD57E82AC1 /* AppnavigationView.swift */; };
		29826781A1B609B3C178C9F4 /* Group7Cell.swift in Sources */ = {isa = PBXBuildFile; fileRef = 0A1DB6296BA47F253B795756 /* Group7Cell.swift */; };
		2DEF59C52D3DAD3183FB73C1 /* robotobold700.ttf in Resources */ = {isa = PBXBuildFile; fileRef = 2A879260D20D3F55F98CA5C8 /* robotobold700.ttf */; };
		3108DCA1F043A4AAEF054BEA /* TelegramXMainScreenView.swift in Sources */ = {isa = PBXBuildFile; fileRef = A7B9B59129BF4A56A6DF1F87 /* TelegramXMainScreenView.swift */; };
		39B6ED6253FD6D6A30078602 /* Group4Cell.swift in Sources */ = {isa = PBXBuildFile; fileRef = B77B4A1293C79A7F098EDD52 /* Group4Cell.swift */; };
		3FDC531D811D48426C7EF3F2 /* IncomingGroupCallNotificationView.swift in Sources */ = {isa = PBXBuildFile; fileRef = 2EF46E5A0E58E30A314486AB /* IncomingGroupCallNotificationView.swift */; };
		4BD82FE96A0F6034DB056E85 /* robotoregular400.ttf in Resources */ = {isa = PBXBuildFile; fileRef = D7DA38A80403A57974B7893B /* robotoregular400.ttf */; };
		54C840504EAB454CC64E91F0 /* AppnavigationViewModel.swift in Sources */ = {isa = PBXBuildFile; fileRef = 8D17CF58B7E7935612E0610B /* AppnavigationViewModel.swift */; };
		5BD065958E507B0B05A5498C /* Group1Cell.swift in Sources */ = {isa = PBXBuildFile; fileRef = 39C0026E58C4EF2080346621 /* Group1Cell.swift */; };
		5FFD8DB5F9F96A0501261A6D /* Group3Cell.swift in Sources */ = {isa = PBXBuildFile; fileRef = F957BFF3E6E8F41BF5EB6673 /* Group3Cell.swift */; };
		6B29171573E12602ADA30B5C /* robotomedium500.ttf in Resources */ = {isa = PBXBuildFile; fileRef = E1A4B83A4E8DC01807D27387 /* robotomedium500.ttf */; };
		7F44DBA127422A5D00171570 /* ActivityLoader.swift in Sources */ = {isa = PBXBuildFile; fileRef = 7F44DBA027422A5D00171570 /* ActivityLoader.swift */; };
		866F55F8AF6B08E6A3DFEB7D /* IncomingCallNotification1View.swift in Sources */ = {isa = PBXBuildFile; fileRef = 9B069A7DF6865D0333D5BD16 /* IncomingCallNotification1View.swift */; };
		884F3E5127B0E65A00963FC4 /* RoundedCornersView.swift in Sources */ = {isa = PBXBuildFile; fileRef = 884F3E5027B0E65A00963FC4 /* RoundedCornersView.swift */; };
		8853052627718DC500B04E6F /* ViewExtension.swift in Sources */ = {isa = PBXBuildFile; fileRef = 8853052527718DC500B04E6F /* ViewExtension.swift */; };
		8853052A27718E2D00B04E6F /* EncodableExtension.swift in Sources */ = {isa = PBXBuildFile; fileRef = 8853052927718E2D00B04E6F /* EncodableExtension.swift */; };
		8853052C2771949600B04E6F /* UINavigationController.swift in Sources */ = {isa = PBXBuildFile; fileRef = 8853052B2771949600B04E6F /* UINavigationController.swift */; };
		88680D1C2775C601002E964F /* ViewportHelper.swift in Sources */ = {isa = PBXBuildFile; fileRef = 88680D1B2775C601002E964F /* ViewportHelper.swift */; };
		8884CA5D64E68BC0D758CCF6 /* Group8Cell.swift in Sources */ = {isa = PBXBuildFile; fileRef = 3450E9C504877C8DCC2B6B4B /* Group8Cell.swift */; };
		888CB47527686A000041116C /* APIExtensions.swift in Sources */ = {isa = PBXBuildFile; fileRef = 888CB47427686A000041116C /* APIExtensions.swift */; };
		88ED74EC272FFE6F0088E3EF /* Assets.xcassets in Resources */ = {isa = PBXBuildFile; fileRef = 88ED74EB272FFE6F0088E3EF /* Assets.xcassets */; };
		88ED74EF272FFE6F0088E3EF /* Preview Assets.xcassets in Resources */ = {isa = PBXBuildFile; fileRef = 88ED74EE272FFE6F0088E3EF /* Preview Assets.xcassets */; };
		88ED7500272FFECA0088E3EF /* Utilities.swift in Sources */ = {isa = PBXBuildFile; fileRef = 88ED74F7272FFECA0088E3EF /* Utilities.swift */; };
		88ED7501272FFECA0088E3EF /* AppConstants.swift in Sources */ = {isa = PBXBuildFile; fileRef = 88ED74F9272FFECA0088E3EF /* AppConstants.swift */; };
		88ED7503272FFECA0088E3EF /* APIManager.swift in Sources */ = {isa = PBXBuildFile; fileRef = 88ED74FD272FFECA0088E3EF /* APIManager.swift */; };
		88ED7504272FFECA0088E3EF /* rahulsapplication51App.swift in Sources */ = {isa = PBXBuildFile; fileRef = 88ED74FF272FFECA0088E3EF /* rahulsapplication51App.swift */; };
		8A1FC8B0BF9C292C1647CECA /* IncomingcallinthemiddleofanothercallViewModel.swift in Sources */ = {isa = PBXBuildFile; fileRef = 6B07643C7FB4FF636B2492BE /* IncomingcallinthemiddleofanothercallViewModel.swift */; };
		8B796DA338B3EDA679538E71 /* IncomingCallNotificationView.swift in Sources */ = {isa = PBXBuildFile; fileRef = 73229422C41B680666ED3BD5 /* IncomingCallNotificationView.swift */; };
		8C88F8693E26075971D70998 /* IncomingCallNotificationViewModel.swift in Sources */ = {isa = PBXBuildFile; fileRef = 8D1EFC2D92C9C6DF23A343C0 /* IncomingCallNotificationViewModel.swift */; };
		99485A51CDFCEDC622BEB2B1 /* ColorConstants.swift in Sources */ = {isa = PBXBuildFile; fileRef = 5913202401BF793D74DE6883 /* ColorConstants.swift */; };
		9C4742C684C54BACC26F1644 /* IncomingCallNotificationMorethanoneprofileViewModel.swift in Sources */ = {isa = PBXBuildFile; fileRef = 43DB127133E8BEA09DB8DFC5 /* IncomingCallNotificationMorethanoneprofileViewModel.swift */; };
		9FE258FBFCD67A44FAA49729 /* IncomingGroupCallNotificationViewModel.swift in Sources */ = {isa = PBXBuildFile; fileRef = 8A7103918AD980331BDD9FD5 /* IncomingGroupCallNotificationViewModel.swift */; };
		A21BEB78CA1AA2582901E170 /* GroupCell.swift in Sources */ = {isa = PBXBuildFile; fileRef = ABD341DA9DB0B7513C2B8504 /* GroupCell.swift */; };
		AA2A98DCE4A3E4E034C2480B /* Group6Cell.swift in Sources */ = {isa = PBXBuildFile; fileRef = A175928BDD214FF25EA803DC /* Group6Cell.swift */; };
		C40AB9F82754D79E006BC5D7 /* AppDelegate.swift in Sources */ = {isa = PBXBuildFile; fileRef = C40AB9F72754D79E006BC5D7 /* AppDelegate.swift */; };
		D2B8F6566C926FC310B455E6 /* StringScheme.swift in Sources */ = {isa = PBXBuildFile; fileRef = D08349360F582F812C3919AC /* StringScheme.swift */; };
		EB2F084DBF8D3AB4CEBA9AC5 /* IncomingcallinthemiddleofanothercallView.swift in Sources */ = {isa = PBXBuildFile; fileRef = 5C76CCE292CFBB9B4001A056 /* IncomingcallinthemiddleofanothercallView.swift */; };
		EEC53FDDF749E4946CEF373D /* IncomingCallNotification1ViewModel.swift in Sources */ = {isa = PBXBuildFile; fileRef = A7947D764EF4FFF60C008FA6 /* IncomingCallNotification1ViewModel.swift */; };
/* End PBXBuildFile section */

/* Begin PBXFileReference section */
		0A1DB6296BA47F253B795756 /* Group7Cell.swift */ = {isa = PBXFileReference; includeInIndex = 1; lastKnownFileType = sourcecode.swift; path = Group7Cell.swift; sourceTree = "<group>"; };
		16DCCA8BBFE682BC6D9E7C28 /* IncomingCallNotificationMorethanoneprofileView.swift */ = {isa = PBXFileReference; includeInIndex = 1; lastKnownFileType = sourcecode.swift; path = IncomingCallNotificationMorethanoneprofileView.swift; sourceTree = "<group>"; };
		2A879260D20D3F55F98CA5C8 /* robotobold700.ttf */ = {isa = PBXFileReference; includeInIndex = 1; path = robotobold700.ttf; sourceTree = "<group>"; };
		2EF46E5A0E58E30A314486AB /* IncomingGroupCallNotificationView.swift */ = {isa = PBXFileReference; includeInIndex = 1; lastKnownFileType = sourcecode.swift; path = IncomingGroupCallNotificationView.swift; sourceTree = "<group>"; };
		3450E9C504877C8DCC2B6B4B /* Group8Cell.swift */ = {isa = PBXFileReference; includeInIndex = 1; lastKnownFileType = sourcecode.swift; path = Group8Cell.swift; sourceTree = "<group>"; };
		36A7C346FE3ACB110EF2E3F3 /* Group5Cell.swift */ = {isa = PBXFileReference; includeInIndex = 1; lastKnownFileType = sourcecode.swift; path = Group5Cell.swift; sourceTree = "<group>"; };
		39C0026E58C4EF2080346621 /* Group1Cell.swift */ = {isa = PBXFileReference; includeInIndex = 1; lastKnownFileType = sourcecode.swift; path = Group1Cell.swift; sourceTree = "<group>"; };
		43DB127133E8BEA09DB8DFC5 /* IncomingCallNotificationMorethanoneprofileViewModel.swift */ = {isa = PBXFileReference; includeInIndex = 1; lastKnownFileType = sourcecode.swift; path = IncomingCallNotificationMorethanoneprofileViewModel.swift; sourceTree = "<group>"; };
		5913202401BF793D74DE6883 /* ColorConstants.swift */ = {isa = PBXFileReference; includeInIndex = 1; lastKnownFileType = sourcecode.swift; path = ColorConstants.swift; sourceTree = "<group>"; };
		5C76CCE292CFBB9B4001A056 /* IncomingcallinthemiddleofanothercallView.swift */ = {isa = PBXFileReference; includeInIndex = 1; lastKnownFileType = sourcecode.swift; path = IncomingcallinthemiddleofanothercallView.swift; sourceTree = "<group>"; };
		6746ACE3455D3C99DA17BDE2 /* FontScheme.swift */ = {isa = PBXFileReference; includeInIndex = 1; lastKnownFileType = sourcecode.swift; path = FontScheme.swift; sourceTree = "<group>"; };
		6B07643C7FB4FF636B2492BE /* IncomingcallinthemiddleofanothercallViewModel.swift */ = {isa = PBXFileReference; includeInIndex = 1; lastKnownFileType = sourcecode.swift; path = IncomingcallinthemiddleofanothercallViewModel.swift; sourceTree = "<group>"; };
		73229422C41B680666ED3BD5 /* IncomingCallNotificationView.swift */ = {isa = PBXFileReference; includeInIndex = 1; lastKnownFileType = sourcecode.swift; path = IncomingCallNotificationView.swift; sourceTree = "<group>"; };
		7F44DBA027422A5D00171570 /* ActivityLoader.swift */ = {isa = PBXFileReference; lastKnownFileType = sourcecode.swift; path = ActivityLoader.swift; sourceTree = "<group>"; };
		884F3E5027B0E65A00963FC4 /* RoundedCornersView.swift */ = {isa = PBXFileReference; lastKnownFileType = sourcecode.swift; path = RoundedCornersView.swift; sourceTree = "<group>"; };
		8853052527718DC500B04E6F /* ViewExtension.swift */ = {isa = PBXFileReference; lastKnownFileType = sourcecode.swift; path = ViewExtension.swift; sourceTree = "<group>"; };
		8853052927718E2D00B04E6F /* EncodableExtension.swift */ = {isa = PBXFileReference; lastKnownFileType = sourcecode.swift; path = EncodableExtension.swift; sourceTree = "<group>"; };
		8853052B2771949600B04E6F /* UINavigationController.swift */ = {isa = PBXFileReference; fileEncoding = 4; lastKnownFileType = sourcecode.swift; path = UINavigationController.swift; sourceTree = "<group>"; };
		88680D1B2775C601002E964F /* ViewportHelper.swift */ = {isa = PBXFileReference; lastKnownFileType = sourcecode.swift; path = ViewportHelper.swift; sourceTree = "<group>"; };
		888CB47427686A000041116C /* APIExtensions.swift */ = {isa = PBXFileReference; lastKnownFileType = sourcecode.swift; path = APIExtensions.swift; sourceTree = "<group>"; };
		88ED74E4272FFE6E0088E3EF /* rahulsapplication51.app */ = {isa = PBXFileReference; explicitFileType = wrapper.application; includeInIndex = 0; path = rahulsapplication51.app; sourceTree = BUILT_PRODUCTS_DIR; };
		88ED74EB272FFE6F0088E3EF /* Assets.xcassets */ = {isa = PBXFileReference; lastKnownFileType = folder.assetcatalog; path = Assets.xcassets; sourceTree = "<group>"; };
		88ED74EE272FFE6F0088E3EF /* Preview Assets.xcassets */ = {isa = PBXFileReference; lastKnownFileType = folder.assetcatalog; path = "Preview Assets.xcassets"; sourceTree = "<group>"; };
		88ED74F0272FFE6F0088E3EF /* Info.plist */ = {isa = PBXFileReference; lastKnownFileType = text.plist.xml; path = Info.plist; sourceTree = "<group>"; };
		88ED74F7272FFECA0088E3EF /* Utilities.swift */ = {isa = PBXFileReference; fileEncoding = 4; lastKnownFileType = sourcecode.swift; path = Utilities.swift; sourceTree = "<group>"; };
		88ED74F9272FFECA0088E3EF /* AppConstants.swift */ = {isa = PBXFileReference; fileEncoding = 4; lastKnownFileType = sourcecode.swift; path = AppConstants.swift; sourceTree = "<group>"; };
		88ED74FD272FFECA0088E3EF /* APIManager.swift */ = {isa = PBXFileReference; fileEncoding = 4; lastKnownFileType = sourcecode.swift; path = APIManager.swift; sourceTree = "<group>"; };
		88ED74FF272FFECA0088E3EF /* rahulsapplication51App.swift */ = {isa = PBXFileReference; fileEncoding = 4; lastKnownFileType = sourcecode.swift; path = rahulsapplication51App.swift; sourceTree = "<group>"; };
		8A7103918AD980331BDD9FD5 /* IncomingGroupCallNotificationViewModel.swift */ = {isa = PBXFileReference; includeInIndex = 1; lastKnownFileType = sourcecode.swift; path = IncomingGroupCallNotificationViewModel.swift; sourceTree = "<group>"; };
		8D17CF58B7E7935612E0610B /* AppnavigationViewModel.swift */ = {isa = PBXFileReference; includeInIndex = 1; lastKnownFileType = sourcecode.swift; path = AppnavigationViewModel.swift; sourceTree = "<group>"; };
		8D1EFC2D92C9C6DF23A343C0 /* IncomingCallNotificationViewModel.swift */ = {isa = PBXFileReference; includeInIndex = 1; lastKnownFileType = sourcecode.swift; path = IncomingCallNotificationViewModel.swift; sourceTree = "<group>"; };
		9B069A7DF6865D0333D5BD16 /* IncomingCallNotification1View.swift */ = {isa = PBXFileReference; includeInIndex = 1; lastKnownFileType = sourcecode.swift; path = IncomingCallNotification1View.swift; sourceTree = "<group>"; };
		A175928BDD214FF25EA803DC /* Group6Cell.swift */ = {isa = PBXFileReference; includeInIndex = 1; lastKnownFileType = sourcecode.swift; path = Group6Cell.swift; sourceTree = "<group>"; };
		A5E0588812A261A2CD32EAA0 /* Group2Cell.swift */ = {isa = PBXFileReference; includeInIndex = 1; lastKnownFileType = sourcecode.swift; path = Group2Cell.swift; sourceTree = "<group>"; };
		A7947D764EF4FFF60C008FA6 /* IncomingCallNotification1ViewModel.swift */ = {isa = PBXFileReference; includeInIndex = 1; lastKnownFileType = sourcecode.swift; path = IncomingCallNotification1ViewModel.swift; sourceTree = "<group>"; };
		A7B9B59129BF4A56A6DF1F87 /* TelegramXMainScreenView.swift */ = {isa = PBXFileReference; includeInIndex = 1; lastKnownFileType = sourcecode.swift; path = TelegramXMainScreenView.swift; sourceTree = "<group>"; };
		ABD341DA9DB0B7513C2B8504 /* GroupCell.swift */ = {isa = PBXFileReference; includeInIndex = 1; lastKnownFileType = sourcecode.swift; path = GroupCell.swift; sourceTree = "<group>"; };
		B77B4A1293C79A7F098EDD52 /* Group4Cell.swift */ = {isa = PBXFileReference; includeInIndex = 1; lastKnownFileType = sourcecode.swift; path = Group4Cell.swift; sourceTree = "<group>"; };
		BB1B2EC17B6015F291BCDB56 /* TelegramXMainScreenViewModel.swift */ = {isa = PBXFileReference; includeInIndex = 1; lastKnownFileType = sourcecode.swift; path = TelegramXMainScreenViewModel.swift; sourceTree = "<group>"; };
		C40AB9F72754D79E006BC5D7 /* AppDelegate.swift */ = {isa = PBXFileReference; fileEncoding = 4; lastKnownFileType = sourcecode.swift; path = AppDelegate.swift; sourceTree = "<group>"; };
		CBEED03F179637DD57E82AC1 /* AppnavigationView.swift */ = {isa = PBXFileReference; includeInIndex = 1; lastKnownFileType = sourcecode.swift; path = AppnavigationView.swift; sourceTree = "<group>"; };
		D08349360F582F812C3919AC /* StringScheme.swift */ = {isa = PBXFileReference; includeInIndex = 1; lastKnownFileType = sourcecode.swift; path = StringScheme.swift; sourceTree = "<group>"; };
		D7DA38A80403A57974B7893B /* robotoregular400.ttf */ = {isa = PBXFileReference; includeInIndex = 1; path = robotoregular400.ttf; sourceTree = "<group>"; };
		E1A4B83A4E8DC01807D27387 /* robotomedium500.ttf */ = {isa = PBXFileReference; includeInIndex = 1; path = robotomedium500.ttf; sourceTree = "<group>"; };
		F957BFF3E6E8F41BF5EB6673 /* Group3Cell.swift */ = {isa = PBXFileReference; includeInIndex = 1; lastKnownFileType = sourcecode.swift; path = Group3Cell.swift; sourceTree = "<group>"; };
/* End PBXFileReference section */

/* Begin PBXFrameworksBuildPhase section */
		88ED74E1272FFE6E0088E3EF /* Frameworks */ = {
			isa = PBXFrameworksBuildPhase;
			buildActionMask = 2147483647;
			files = (
			);
			runOnlyForDeploymentPostprocessing = 0;
		};
/* End PBXFrameworksBuildPhase section */

/* Begin PBXGroup section */
		0E9A3380144B62B9D4264980 /* Views */ = {
			isa = PBXGroup;
			children = (
				66265C3745273A48B77EC81E /* TelegramXMainScreenView */,
				B36662AB15E2459FB3C6ECA1 /* IncomingCallNotificationView */,
				9FEAEEF9DE9182D74D8A8C91 /* IncomingCallNotification1View */,
				45AE7FD21DE47A169CEC1B10 /* IncomingCallNotificationMorethanoneprofileView */,
				37FE8BD4E983B5015110132B /* IncomingGroupCallNotificationView */,
				978C1BDA74CBE202113B470A /* IncomingcallinthemiddleofanothercallView */,
				117F7552DADA08648F5E9A5D /* AppnavigationView */,
			);
			name = Views;
			path = Views;
			sourceTree = "<group>";
		};
		117F7552DADA08648F5E9A5D /* AppnavigationView */ = {
			isa = PBXGroup;
			children = (
				CBEED03F179637DD57E82AC1 /* AppnavigationView.swift */,
				8D17CF58B7E7935612E0610B /* AppnavigationViewModel.swift */,
			);
			name = AppnavigationView;
			path = AppnavigationView;
			sourceTree = "<group>";
		};
		2A70192998E01F2F5F30FD74 /* Fonts */ = {
			isa = PBXGroup;
			children = (
				2A879260D20D3F55F98CA5C8 /* robotobold700.ttf */,
				E1A4B83A4E8DC01807D27387 /* robotomedium500.ttf */,
				D7DA38A80403A57974B7893B /* robotoregular400.ttf */,
			);
			name = Fonts;
			path = Fonts;
			sourceTree = "<group>";
		};
		3354F7ABCDDA4A5E151C24EF /* Resources */ = {
			isa = PBXGroup;
			children = (
				2A70192998E01F2F5F30FD74 /* Fonts */,
			);
			name = Resources;
			path = Resources;
			sourceTree = "<group>";
		};
		37FE8BD4E983B5015110132B /* IncomingGroupCallNotificationView */ = {
			isa = PBXGroup;
			children = (
				2EF46E5A0E58E30A314486AB /* IncomingGroupCallNotificationView.swift */,
				5E3BC61285F4F63C18A02681 /* Cell */,
				8A7103918AD980331BDD9FD5 /* IncomingGroupCallNotificationViewModel.swift */,
			);
			name = IncomingGroupCallNotificationView;
			path = IncomingGroupCallNotificationView;
			sourceTree = "<group>";
		};
		45AE7FD21DE47A169CEC1B10 /* IncomingCallNotificationMorethanoneprofileView */ = {
			isa = PBXGroup;
			children = (
				16DCCA8BBFE682BC6D9E7C28 /* IncomingCallNotificationMorethanoneprofileView.swift */,
				98912BEF510084ACFC24444E /* Cell */,
				43DB127133E8BEA09DB8DFC5 /* IncomingCallNotificationMorethanoneprofileViewModel.swift */,
			);
			name = IncomingCallNotificationMorethanoneprofileView;
			path = IncomingCallNotificationMorethanoneprofileView;
			sourceTree = "<group>";
		};
		5E3BC61285F4F63C18A02681 /* Cell */ = {
			isa = PBXGroup;
			children = (
				0A1DB6296BA47F253B795756 /* Group7Cell.swift */,
				3450E9C504877C8DCC2B6B4B /* Group8Cell.swift */,
			);
			name = Cell;
			path = Cell;
			sourceTree = "<group>";
		};
		609C7F50EC07D63CE5EAF97D /* CustomViews */ = {
			isa = PBXGroup;
			children = (
			);
			name = CustomViews;
			path = CustomViews;
			sourceTree = "<group>";
		};
		66265C3745273A48B77EC81E /* TelegramXMainScreenView */ = {
			isa = PBXGroup;
			children = (
				A7B9B59129BF4A56A6DF1F87 /* TelegramXMainScreenView.swift */,
				FCFA0A30D27C696BE31667F6 /* Cell */,
				BB1B2EC17B6015F291BCDB56 /* TelegramXMainScreenViewModel.swift */,
			);
			name = TelegramXMainScreenView;
			path = TelegramXMainScreenView;
			sourceTree = "<group>";
		};
		7F44DB9E27422A4200171570 /* Helper */ = {
			isa = PBXGroup;
			children = (
				88680D1A2775C5BD002E964F /* Viewport */,
				7F44DB9F27422A4200171570 /* ActivityLoader */,
			);
			path = Helper;
			sourceTree = "<group>";
		};
		7F44DB9F27422A4200171570 /* ActivityLoader */ = {
			isa = PBXGroup;
			children = (
				7F44DBA027422A5D00171570 /* ActivityLoader.swift */,
			);
			path = ActivityLoader;
			sourceTree = "<group>";
		};
		88680D1A2775C5BD002E964F /* Viewport */ = {
			isa = PBXGroup;
			children = (
				88680D1B2775C601002E964F /* ViewportHelper.swift */,
			);
			path = Viewport;
			sourceTree = "<group>";
		};
		88ED74DB272FFE6E0088E3EF = {
			isa = PBXGroup;
			children = (
				88ED74E6272FFE6E0088E3EF /* rahulsapplication51 */,
				88ED74E5272FFE6E0088E3EF /* Products */,
			);
			sourceTree = "<group>";
		};
		88ED74E5272FFE6E0088E3EF /* Products */ = {
			isa = PBXGroup;
			children = (
				88ED74E4272FFE6E0088E3EF /* rahulsapplication51.app */,
			);
			name = Products;
			sourceTree = "<group>";
		};
		88ED74E6272FFE6E0088E3EF /* rahulsapplication51 */ = {
			isa = PBXGroup;
			children = (
				88ED74FC272FFECA0088E3EF /* Services */,
				88ED74FE272FFECA0088E3EF /* Application */,
				88ED74F8272FFECA0088E3EF /* Constants */,
				88ED74FA272FFECA0088E3EF /* Extensions */,
				88ED74F6272FFECA0088E3EF /* Utilities */,
				7F44DB9E27422A4200171570 /* Helper */,
				88ED74EB272FFE6F0088E3EF /* Assets.xcassets */,
				88ED74F0272FFE6F0088E3EF /* Info.plist */,
				88ED74ED272FFE6F0088E3EF /* Preview Content */,
				3354F7ABCDDA4A5E151C24EF /* Resources */,
				0E9A3380144B62B9D4264980 /* Views */,
				609C7F50EC07D63CE5EAF97D /* CustomViews */,
			);
			path = rahulsapplication51;
			sourceTree = "<group>";
		};
		88ED74ED272FFE6F0088E3EF /* Preview Content */ = {
			isa = PBXGroup;
			children = (
				88ED74EE272FFE6F0088E3EF /* Preview Assets.xcassets */,
			);
			path = "Preview Content";
			sourceTree = "<group>";
		};
		88ED74F6272FFECA0088E3EF /* Utilities */ = {
			isa = PBXGroup;
			children = (
				88ED74F7272FFECA0088E3EF /* Utilities.swift */,
			);
			path = Utilities;
			sourceTree = "<group>";
		};
		88ED74F8272FFECA0088E3EF /* Constants */ = {
			isa = PBXGroup;
			children = (
				88ED74F9272FFECA0088E3EF /* AppConstants.swift */,
				D08349360F582F812C3919AC /* StringScheme.swift */,
				5913202401BF793D74DE6883 /* ColorConstants.swift */,
				6746ACE3455D3C99DA17BDE2 /* FontScheme.swift */,
			);
			path = Constants;
			sourceTree = "<group>";
		};
		88ED74FA272FFECA0088E3EF /* Extensions */ = {
			isa = PBXGroup;
			children = (
				888CB47427686A000041116C /* APIExtensions.swift */,
				8853052527718DC500B04E6F /* ViewExtension.swift */,
				8853052B2771949600B04E6F /* UINavigationController.swift */,
				8853052927718E2D00B04E6F /* EncodableExtension.swift */,
				884F3E5027B0E65A00963FC4 /* RoundedCornersView.swift */,
			);
			path = Extensions;
			sourceTree = "<group>";
		};
		88ED74FC272FFECA0088E3EF /* Services */ = {
			isa = PBXGroup;
			children = (
				88ED74FD272FFECA0088E3EF /* APIManager.swift */,
			);
			path = Services;
			sourceTree = "<group>";
		};
		88ED74FE272FFECA0088E3EF /* Application */ = {
			isa = PBXGroup;
			children = (
				C40AB9F72754D79E006BC5D7 /* AppDelegate.swift */,
				88ED74FF272FFECA0088E3EF /* rahulsapplication51App.swift */,
			);
			path = Application;
			sourceTree = "<group>";
		};
		978C1BDA74CBE202113B470A /* IncomingcallinthemiddleofanothercallView */ = {
			isa = PBXGroup;
			children = (
				5C76CCE292CFBB9B4001A056 /* IncomingcallinthemiddleofanothercallView.swift */,
				6B07643C7FB4FF636B2492BE /* IncomingcallinthemiddleofanothercallViewModel.swift */,
			);
			name = IncomingcallinthemiddleofanothercallView;
			path = IncomingcallinthemiddleofanothercallView;
			sourceTree = "<group>";
		};
		98912BEF510084ACFC24444E /* Cell */ = {
			isa = PBXGroup;
			children = (
				36A7C346FE3ACB110EF2E3F3 /* Group5Cell.swift */,
				A175928BDD214FF25EA803DC /* Group6Cell.swift */,
			);
			name = Cell;
			path = Cell;
			sourceTree = "<group>";
		};
		9FEAEEF9DE9182D74D8A8C91 /* IncomingCallNotification1View */ = {
			isa = PBXGroup;
			children = (
				9B069A7DF6865D0333D5BD16 /* IncomingCallNotification1View.swift */,
				F6DB73751A1ECAF402051511 /* Cell */,
				A7947D764EF4FFF60C008FA6 /* IncomingCallNotification1ViewModel.swift */,
			);
			name = IncomingCallNotification1View;
			path = IncomingCallNotification1View;
			sourceTree = "<group>";
		};
		AD689CB65462AD6768179BDC /* Cell */ = {
			isa = PBXGroup;
			children = (
				39C0026E58C4EF2080346621 /* Group1Cell.swift */,
				A5E0588812A261A2CD32EAA0 /* Group2Cell.swift */,
			);
			name = Cell;
			path = Cell;
			sourceTree = "<group>";
		};
		B36662AB15E2459FB3C6ECA1 /* IncomingCallNotificationView */ = {
			isa = PBXGroup;
			children = (
				73229422C41B680666ED3BD5 /* IncomingCallNotificationView.swift */,
				AD689CB65462AD6768179BDC /* Cell */,
				8D1EFC2D92C9C6DF23A343C0 /* IncomingCallNotificationViewModel.swift */,
			);
			name = IncomingCallNotificationView;
			path = IncomingCallNotificationView;
			sourceTree = "<group>";
		};
		F6DB73751A1ECAF402051511 /* Cell */ = {
			isa = PBXGroup;
			children = (
				F957BFF3E6E8F41BF5EB6673 /* Group3Cell.swift */,
				B77B4A1293C79A7F098EDD52 /* Group4Cell.swift */,
			);
			name = Cell;
			path = Cell;
			sourceTree = "<group>";
		};
		FCFA0A30D27C696BE31667F6 /* Cell */ = {
			isa = PBXGroup;
			children = (
				ABD341DA9DB0B7513C2B8504 /* GroupCell.swift */,
			);
			name = Cell;
			path = Cell;
			sourceTree = "<group>";
		};
/* End PBXGroup section */

/* Begin PBXNativeTarget section */
		88ED74E3272FFE6E0088E3EF /* rahulsapplication51 */ = {
			isa = PBXNativeTarget;
			buildConfigurationList = 88ED74F3272FFE6F0088E3EF /* Build configuration list for PBXNativeTarget "rahulsapplication51" */;
			buildPhases = (
				88ED74E0272FFE6E0088E3EF /* Sources */,
				88ED74E1272FFE6E0088E3EF /* Frameworks */,
				88ED74E2272FFE6E0088E3EF /* Resources */,
			);
			buildRules = (
			);
			dependencies = (
			);
			name = rahulsapplication51;
			productName = rahulsapplication51;
			productReference = 88ED74E4272FFE6E0088E3EF /* rahulsapplication51.app */;
			productType = "com.apple.product-type.application";
		};
/* End PBXNativeTarget section */

/* Begin PBXProject section */
		88ED74DC272FFE6E0088E3EF /* Project object */ = {
			isa = PBXProject;
			attributes = {
				LastSwiftUpdateCheck = 1250;
				LastUpgradeCheck = 1250;
				TargetAttributes = {
					88ED74E3272FFE6E0088E3EF = {
						CreatedOnToolsVersion = 12.5;
					};
				};
			};
			buildConfigurationList = 88ED74DF272FFE6E0088E3EF /* Build configuration list for PBXProject "rahulsapplication51" */;
			compatibilityVersion = "Xcode 9.3";
			developmentRegion = en;
			hasScannedForEncodings = 0;
			knownRegions = (
				en,
				Base,
			);
			mainGroup = 88ED74DB272FFE6E0088E3EF;
			productRefGroup = 88ED74E5272FFE6E0088E3EF /* Products */;
			projectDirPath = "";
			projectRoot = "";
			targets = (
				88ED74E3272FFE6E0088E3EF /* rahulsapplication51 */,
			);
		};
/* End PBXProject section */

/* Begin PBXResourcesBuildPhase section */
		88ED74E2272FFE6E0088E3EF /* Resources */ = {
			isa = PBXResourcesBuildPhase;
			buildActionMask = 2147483647;
			files = (
				88ED74EF272FFE6F0088E3EF /* Preview Assets.xcassets in Resources */,
				88ED74EC272FFE6F0088E3EF /* Assets.xcassets in Resources */,
				2DEF59C52D3DAD3183FB73C1 /* robotobold700.ttf in Resources */,
				6B29171573E12602ADA30B5C /* robotomedium500.ttf in Resources */,
				4BD82FE96A0F6034DB056E85 /* robotoregular400.ttf in Resources */,
			);
			runOnlyForDeploymentPostprocessing = 0;
		};
/* End PBXResourcesBuildPhase section */

/* Begin PBXSourcesBuildPhase section */
		88ED74E0272FFE6E0088E3EF /* Sources */ = {
			isa = PBXSourcesBuildPhase;
			buildActionMask = 2147483647;
			files = (
				888CB47527686A000041116C /* APIExtensions.swift in Sources */,
				8853052A27718E2D00B04E6F /* EncodableExtension.swift in Sources */,
				8853052C2771949600B04E6F /* UINavigationController.swift in Sources */,
				88ED7503272FFECA0088E3EF /* APIManager.swift in Sources */,
				7F44DBA127422A5D00171570 /* ActivityLoader.swift in Sources */,
				8853052627718DC500B04E6F /* ViewExtension.swift in Sources */,
				88ED7500272FFECA0088E3EF /* Utilities.swift in Sources */,
				88ED7504272FFECA0088E3EF /* rahulsapplication51App.swift in Sources */,
				C40AB9F82754D79E006BC5D7 /* AppDelegate.swift in Sources */,
				88680D1C2775C601002E964F /* ViewportHelper.swift in Sources */,
				88ED7501272FFECA0088E3EF /* AppConstants.swift in Sources */,
				884F3E5127B0E65A00963FC4 /* RoundedCornersView.swift in Sources */,
				D2B8F6566C926FC310B455E6 /* StringScheme.swift in Sources */,
				99485A51CDFCEDC622BEB2B1 /* ColorConstants.swift in Sources */,
				24B8DD5F4A5D8C87BA8BCD90 /* FontScheme.swift in Sources */,
				3108DCA1F043A4AAEF054BEA /* TelegramXMainScreenView.swift in Sources */,
				A21BEB78CA1AA2582901E170 /* GroupCell.swift in Sources */,
				8B796DA338B3EDA679538E71 /* IncomingCallNotificationView.swift in Sources */,
				5BD065958E507B0B05A5498C /* Group1Cell.swift in Sources */,
				15691876BCCF581CE55AC307 /* Group2Cell.swift in Sources */,
				866F55F8AF6B08E6A3DFEB7D /* IncomingCallNotification1View.swift in Sources */,
				5FFD8DB5F9F96A0501261A6D /* Group3Cell.swift in Sources */,
				39B6ED6253FD6D6A30078602 /* Group4Cell.swift in Sources */,
				285CAFE556F23A7337031310 /* IncomingCallNotificationMorethanoneprofileView.swift in Sources */,
				1FC53811E820074D50C94537 /* Group5Cell.swift in Sources */,
				AA2A98DCE4A3E4E034C2480B /* Group6Cell.swift in Sources */,
				3FDC531D811D48426C7EF3F2 /* IncomingGroupCallNotificationView.swift in Sources */,
				29826781A1B609B3C178C9F4 /* Group7Cell.swift in Sources */,
				8884CA5D64E68BC0D758CCF6 /* Group8Cell.swift in Sources */,
				EB2F084DBF8D3AB4CEBA9AC5 /* IncomingcallinthemiddleofanothercallView.swift in Sources */,
				291BD0090B2F0D2A7234646D /* AppnavigationView.swift in Sources */,
				EEC53FDDF749E4946CEF373D /* IncomingCallNotification1ViewModel.swift in Sources */,
				1DF95EE6C8236F4241677A6F /* TelegramXMainScreenViewModel.swift in Sources */,
				8C88F8693E26075971D70998 /* IncomingCallNotificationViewModel.swift in Sources */,
				9C4742C684C54BACC26F1644 /* IncomingCallNotificationMorethanoneprofileViewModel.swift in Sources */,
				54C840504EAB454CC64E91F0 /* AppnavigationViewModel.swift in Sources */,
				8A1FC8B0BF9C292C1647CECA /* IncomingcallinthemiddleofanothercallViewModel.swift in Sources */,
				9FE258FBFCD67A44FAA49729 /* IncomingGroupCallNotificationViewModel.swift in Sources */,
			);
			runOnlyForDeploymentPostprocessing = 0;
		};
/* End PBXSourcesBuildPhase section */

/* Begin XCBuildConfiguration section */
		88ED74F1272FFE6F0088E3EF /* Debug */ = {
			isa = XCBuildConfiguration;
			buildSettings = {
				ALWAYS_SEARCH_USER_PATHS = NO;
				CLANG_ANALYZER_NONNULL = YES;
				CLANG_ANALYZER_NUMBER_OBJECT_CONVERSION = YES_AGGRESSIVE;
				CLANG_CXX_LANGUAGE_STANDARD = "gnu++14";
				CLANG_CXX_LIBRARY = "libc++";
				CLANG_ENABLE_MODULES = YES;
				CLANG_ENABLE_OBJC_ARC = YES;
				CLANG_ENABLE_OBJC_WEAK = YES;
				CLANG_WARN_BLOCK_CAPTURE_AUTORELEASING = YES;
				CLANG_WARN_BOOL_CONVERSION = YES;
				CLANG_WARN_COMMA = YES;
				CLANG_WARN_CONSTANT_CONVERSION = YES;
				CLANG_WARN_DEPRECATED_OBJC_IMPLEMENTATIONS = YES;
				CLANG_WARN_DIRECT_OBJC_ISA_USAGE = YES_ERROR;
				CLANG_WARN_DOCUMENTATION_COMMENTS = YES;
				CLANG_WARN_EMPTY_BODY = YES;
				CLANG_WARN_ENUM_CONVERSION = YES;
				CLANG_WARN_INFINITE_RECURSION = YES;
				CLANG_WARN_INT_CONVERSION = YES;
				CLANG_WARN_NON_LITERAL_NULL_CONVERSION = YES;
				CLANG_WARN_OBJC_IMPLICIT_RETAIN_SELF = YES;
				CLANG_WARN_OBJC_LITERAL_CONVERSION = YES;
				CLANG_WARN_OBJC_ROOT_CLASS = YES_ERROR;
				CLANG_WARN_QUOTED_INCLUDE_IN_FRAMEWORK_HEADER = YES;
				CLANG_WARN_RANGE_LOOP_ANALYSIS = YES;
				CLANG_WARN_STRICT_PROTOTYPES = YES;
				CLANG_WARN_SUSPICIOUS_MOVE = YES;
				CLANG_WARN_UNGUARDED_AVAILABILITY = YES_AGGRESSIVE;
				CLANG_WARN_UNREACHABLE_CODE = YES;
				CLANG_WARN__DUPLICATE_METHOD_MATCH = YES;
				COPY_PHASE_STRIP = NO;
				DEBUG_INFORMATION_FORMAT = dwarf;
				ENABLE_STRICT_OBJC_MSGSEND = YES;
				ENABLE_TESTABILITY = YES;
				GCC_C_LANGUAGE_STANDARD = gnu11;
				GCC_DYNAMIC_NO_PIC = NO;
				GCC_NO_COMMON_BLOCKS = YES;
				GCC_OPTIMIZATION_LEVEL = 0;
				GCC_PREPROCESSOR_DEFINITIONS = (
					"DEBUG=1",
					"$(inherited)",
				);
				GCC_WARN_64_TO_32_BIT_CONVERSION = YES;
				GCC_WARN_ABOUT_RETURN_TYPE = YES_ERROR;
				GCC_WARN_UNDECLARED_SELECTOR = YES;
				GCC_WARN_UNINITIALIZED_AUTOS = YES_AGGRESSIVE;
				GCC_WARN_UNUSED_FUNCTION = YES;
				GCC_WARN_UNUSED_VARIABLE = YES;
				IPHONEOS_DEPLOYMENT_TARGET = 14.5;
				MTL_ENABLE_DEBUG_INFO = INCLUDE_SOURCE;
				MTL_FAST_MATH = YES;
				ONLY_ACTIVE_ARCH = YES;
				SDKROOT = iphoneos;
				SWIFT_ACTIVE_COMPILATION_CONDITIONS = DEBUG;
				SWIFT_OPTIMIZATION_LEVEL = "-Onone";
			};
			name = Debug;
		};
		88ED74F2272FFE6F0088E3EF /* Release */ = {
			isa = XCBuildConfiguration;
			buildSettings = {
				ALWAYS_SEARCH_USER_PATHS = NO;
				CLANG_ANALYZER_NONNULL = YES;
				CLANG_ANALYZER_NUMBER_OBJECT_CONVERSION = YES_AGGRESSIVE;
				CLANG_CXX_LANGUAGE_STANDARD = "gnu++14";
				CLANG_CXX_LIBRARY = "libc++";
				CLANG_ENABLE_MODULES = YES;
				CLANG_ENABLE_OBJC_ARC = YES;
				CLANG_ENABLE_OBJC_WEAK = YES;
				CLANG_WARN_BLOCK_CAPTURE_AUTORELEASING = YES;
				CLANG_WARN_BOOL_CONVERSION = YES;
				CLANG_WARN_COMMA = YES;
				CLANG_WARN_CONSTANT_CONVERSION = YES;
				CLANG_WARN_DEPRECATED_OBJC_IMPLEMENTATIONS = YES;
				CLANG_WARN_DIRECT_OBJC_ISA_USAGE = YES_ERROR;
				CLANG_WARN_DOCUMENTATION_COMMENTS = YES;
				CLANG_WARN_EMPTY_BODY = YES;
				CLANG_WARN_ENUM_CONVERSION = YES;
				CLANG_WARN_INFINITE_RECURSION = YES;
				CLANG_WARN_INT_CONVERSION = YES;
				CLANG_WARN_NON_LITERAL_NULL_CONVERSION = YES;
				CLANG_WARN_OBJC_IMPLICIT_RETAIN_SELF = YES;
				CLANG_WARN_OBJC_LITERAL_CONVERSION = YES;
				CLANG_WARN_OBJC_ROOT_CLASS = YES_ERROR;
				CLANG_WARN_QUOTED_INCLUDE_IN_FRAMEWORK_HEADER = YES;
				CLANG_WARN_RANGE_LOOP_ANALYSIS = YES;
				CLANG_WARN_STRICT_PROTOTYPES = YES;
				CLANG_WARN_SUSPICIOUS_MOVE = YES;
				CLANG_WARN_UNGUARDED_AVAILABILITY = YES_AGGRESSIVE;
				CLANG_WARN_UNREACHABLE_CODE = YES;
				CLANG_WARN__DUPLICATE_METHOD_MATCH = YES;
				COPY_PHASE_STRIP = NO;
				DEBUG_INFORMATION_FORMAT = "dwarf-with-dsym";
				ENABLE_NS_ASSERTIONS = NO;
				ENABLE_STRICT_OBJC_MSGSEND = YES;
				GCC_C_LANGUAGE_STANDARD = gnu11;
				GCC_NO_COMMON_BLOCKS = YES;
				GCC_WARN_64_TO_32_BIT_CONVERSION = YES;
				GCC_WARN_ABOUT_RETURN_TYPE = YES_ERROR;
				GCC_WARN_UNDECLARED_SELECTOR = YES;
				GCC_WARN_UNINITIALIZED_AUTOS = YES_AGGRESSIVE;
				GCC_WARN_UNUSED_FUNCTION = YES;
				GCC_WARN_UNUSED_VARIABLE = YES;
				IPHONEOS_DEPLOYMENT_TARGET = 14.5;
				MTL_ENABLE_DEBUG_INFO = NO;
				MTL_FAST_MATH = YES;
				SDKROOT = iphoneos;
				SWIFT_COMPILATION_MODE = wholemodule;
				SWIFT_OPTIMIZATION_LEVEL = "-O";
				VALIDATE_PRODUCT = YES;
			};
			name = Release;
		};
		88ED74F4272FFE6F0088E3EF /* Debug */ = {
			isa = XCBuildConfiguration;
			buildSettings = {
				ASSETCATALOG_COMPILER_APPICON_NAME = AppIcon;
				ASSETCATALOG_COMPILER_GLOBAL_ACCENT_COLOR_NAME = AccentColor;
				CODE_SIGN_STYLE = Automatic;
				DEVELOPMENT_ASSET_PATHS = "\"rahulsapplication51/Preview Content\"";
				DEVELOPMENT_TEAM = "";
				ENABLE_PREVIEWS = YES;
				INFOPLIST_FILE = rahulsapplication51/Info.plist;
				IPHONEOS_DEPLOYMENT_TARGET = 14.0;
				LD_RUNPATH_SEARCH_PATHS = (
					"$(inherited)",
					"@executable_path/Frameworks",
				);
				PRODUCT_BUNDLE_IDENTIFIER = com.rahulsapplication.app;
				PRODUCT_NAME = "$(TARGET_NAME)";
				SWIFT_VERSION = 5.0;
				TARGETED_DEVICE_FAMILY = "1,2";
			};
			name = Debug;
		};
		88ED74F5272FFE6F0088E3EF /* Release */ = {
			isa = XCBuildConfiguration;
			buildSettings = {
				ASSETCATALOG_COMPILER_APPICON_NAME = AppIcon;
				ASSETCATALOG_COMPILER_GLOBAL_ACCENT_COLOR_NAME = AccentColor;
				CODE_SIGN_STYLE = Automatic;
				DEVELOPMENT_ASSET_PATHS = "\"rahulsapplication51/Preview Content\"";
				DEVELOPMENT_TEAM = "";
				ENABLE_PREVIEWS = YES;
				INFOPLIST_FILE = rahulsapplication51/Info.plist;
				IPHONEOS_DEPLOYMENT_TARGET = 14.0;
				LD_RUNPATH_SEARCH_PATHS = (
					"$(inherited)",
					"@executable_path/Frameworks",
				);
				PRODUCT_BUNDLE_IDENTIFIER = com.rahulsapplication.app;
				PRODUCT_NAME = "$(TARGET_NAME)";
				SWIFT_VERSION = 5.0;
				TARGETED_DEVICE_FAMILY = "1,2";
			};
			name = Release;
		};
/* End XCBuildConfiguration section */

/* Begin XCConfigurationList section */
		88ED74DF272FFE6E0088E3EF /* Build configuration list for PBXProject "rahulsapplication51" */ = {
			isa = XCConfigurationList;
			buildConfigurations = (
				88ED74F1272FFE6F0088E3EF /* Debug */,
				88ED74F2272FFE6F0088E3EF /* Release */,
			);
			defaultConfigurationIsVisible = 0;
			defaultConfigurationName = Release;
		};
		88ED74F3272FFE6F0088E3EF /* Build configuration list for PBXNativeTarget "rahulsapplication51" */ = {
			isa = XCConfigurationList;
			buildConfigurations = (
				88ED74F4272FFE6F0088E3EF /* Debug */,
				88ED74F5272FFE6F0088E3EF /* Release */,
			);
			defaultConfigurationIsVisible = 0;
			defaultConfigurationName = Release;
		};
/* End XCConfigurationList section */
	};
	rootObject = 88ED74DC272FFE6E0088E3EF /* Project object */;
}
